
Microsoft Visual Studio Solution File, Format Version 12.00
# Visual Studio 15
VisualStudioVersion = 15.0.28307.489
MinimumVisualStudioVersion = 10.0.40219.1
Project("{FAE04EC0-301F-11D3-BF4B-00C04F79EFBC}") = "WindowsFormsApp_Singleton_Implement", "WindowsFormsApp_Singleton_Implement\WindowsFormsApp_Singleton_Implement.csproj", "{F2D4DB74-57B9-433F-8AD6-C94754C9B056}"
EndProject
Global
	GlobalSection(SolutionConfigurationPlatforms) = preSolution
		Debug|Any CPU = Debug|Any CPU
		Release|Any CPU = Release|Any CPU
	EndGlobalSection
	GlobalSection(ProjectConfigurationPlatforms) = postSolution
		{F2D4DB74-57B9-433F-8AD6-C94754C9B056}.Debug|Any CPU.ActiveCfg = Debug|Any CPU
		{F2D4DB74-57B9-433F-8AD6-C94754C9B056}.Debug|Any CPU.Build.0 = Debug|Any CPU
		{F2D4DB74-57B9-433F-8AD6-C94754C9B056}.Release|Any CPU.ActiveCfg = Release|Any CPU
		{F2D4DB74-57B9-433F-8AD6-C94754C9B056}.Release|Any CPU.Build.0 = Release|Any CPU
	EndGlobalSection
	GlobalSection(SolutionProperties) = preSolution
		HideSolutionNode = FALSE
	EndGlobalSection
	GlobalSection(ExtensibilityGlobals) = postSolution
		SolutionGuid = {AD3F7B6A-6C23-4F3F-87F6-32776C99BE51}
	EndGlobalSection
EndGlobal
